<Solution>
  <Project Path="HackaThon #1-1/HackaThon #1-1.csproj" />
  <Project Path="HackaThon #1-2/HackaThon #1-2.csproj" />
  <Project Path="HackaThon #1-3_temperature-switch/HackaThon #1-3_temperature-switch.csproj" Id="54189ae5-1444-4485-adbf-8bbf84f83551" />
  <Project Path="HackaThon #1-4-1A2B/HackaThon #1-4-1A2B.csproj" />
</Solution>
